// !$*UTF8*$!
{
	archiveVersion = 1;
	classes = {
	};
	objectVersion = 46;
	objects = {

/* Begin PBXBuildFile section */
		C2737A901B53978D0079B9DC /* main.m in Sources */ = {isa = PBXBuildFile; fileRef = C2737A8F1B53978D0079B9DC /* main.m */; };
		C2737A931B53978D0079B9DC /* AppDelegate.m in Sources */ = {isa = PBXBuildFile; fileRef = C2737A921B53978D0079B9DC /* AppDelegate.m */; };
		C2737A951B53978D0079B9DC /* 111111-Prefix.pch in Resources */ = {isa = PBXBuildFile; fileRef = C2737A941B53978D0079B9DC /* 111111-Prefix.pch */; };
		C2737A971B53978D0079B9DC /* Images.xcassets in Resources */ = {isa = PBXBuildFile; fileRef = C2737A961B53978D0079B9DC /* Images.xcassets */; };
		C2737A9A1B53978D0079B9DC /* LaunchScreen.xib in Resources */ = {isa = PBXBuildFile; fileRef = C2737A981B53978D0079B9DC /* LaunchScreen.xib */; };
		C2737AA61B53978D0079B9DC /* _11111Tests.m in Sources */ = {isa = PBXBuildFile; fileRef = C2737AA51B53978D0079B9DC /* _11111Tests.m */; };
/* End PBXBuildFile section */

/* Begin PBXContainerItemProxy section */
		C2737AA01B53978D0079B9DC /* PBXContainerItemProxy */ = {
			isa = PBXContainerItemProxy;
			containerPortal = C2737A821B53978D0079B9DC /* Project object */;
			proxyType = 1;
			remoteGlobalIDString = C2737A891B53978D0079B9DC;
			remoteInfo = 111111;
		};
/* End PBXContainerItemProxy section */

/* Begin PBXFileReference section */
		C2737A8A1B53978D0079B9DC /* 111111.app */ = {isa = PBXFileReference; explicitFileType = wrapper.application; includeInIndex = 0; path = 111111.app; sourceTree = BUILT_PRODUCTS_DIR; };
		C2737A8E1B53978D0079B9DC /* Info.plist */ = {isa = PBXFileReference; lastKnownFileType = text.plist.xml; path = Info.plist; sourceTree = "<group>"; };
		C2737A8F1B53978D0079B9DC /* main.m */ = {isa = PBXFileReference; lastKnownFileType = sourcecode.c.objc; path = main.m; sourceTree = "<group>"; };
		C2737A911B53978D0079B9DC /* AppDelegate.h */ = {isa = PBXFileReference; lastKnownFileType = sourcecode.c.h; path = AppDelegate.h; sourceTree = "<group>"; };
		C2737A921B53978D0079B9DC /* AppDelegate.m */ = {isa = PBXFileReference; lastKnownFileType = sourcecode.c.objc; path = AppDelegate.m; sourceTree = "<group>"; };
		C2737A941B53978D0079B9DC /* 111111-Prefix.pch */ = {isa = PBXFileReference; lastKnownFileType = sourcecode.c.h; path = "111111-Prefix.pch"; sourceTree = "<group>"; };
		C2737A961B53978D0079B9DC /* Images.xcassets */ = {isa = PBXFileReference; lastKnownFileType = folder.assetcatalog; path = Images.xcassets; sourceTree = "<group>"; };
		C2737A991B53978D0079B9DC /* Base */ = {isa = PBXFileReference; lastKnownFileType = file.xib; name = Base; path = Base.lproj/LaunchScreen.xib; sourceTree = "<group>"; };
		C2737A9F1B53978D0079B9DC /* 111111Tests.xctest */ = {isa = PBXFileReference; explicitFileType = wrapper.cfbundle; includeInIndex = 0; path = 111111Tests.xctest; sourceTree = BUILT_PRODUCTS_DIR; };
		C2737AA41B53978D0079B9DC /* Info.plist */ = {isa = PBXFileReference; lastKnownFileType = text.plist.xml; path = Info.plist; sourceTree = "<group>"; };
		C2737AA51B53978D0079B9DC /* _11111Tests.m */ = {isa = PBXFileReference; lastKnownFileType = sourcecode.c.objc; path = _11111Tests.m; sourceTree = "<group>"; };
/* End PBXFileReference section */

/* Begin PBXFrameworksBuildPhase section */
		C2737A871B53978D0079B9DC /* Frameworks */ = {
			isa = PBXFrameworksBuildPhase;
			buildActionMask = 2147483647;
			files = (
			);
			runOnlyForDeploymentPostprocessing = 0;
		};
		C2737A9C1B53978D0079B9DC /* Frameworks */ = {
			isa = PBXFrameworksBuildPhase;
			buildActionMask = 2147483647;
			files = (
			);
			runOnlyForDeploymentPostprocessing = 0;
		};
/* End PBXFrameworksBuildPhase section */

/* Begin PBXGroup section */
		C2737A811B53978D0079B9DC = {
			isa = PBXGroup;
			children = (
				C2737A8C1B53978D0079B9DC /* 111111 */,
				C2737AA21B53978D0079B9DC /* 111111Tests */,
				C2737A8B1B53978D0079B9DC /* Products */,
			);
			sourceTree = "<group>";
		};
		C2737A8B1B53978D0079B9DC /* Products */ = {
			isa = PBXGroup;
			children = (
				C2737A8A1B53978D0079B9DC /* 111111.app */,
				C2737A9F1B53978D0079B9DC /* 111111Tests.xctest */,
			);
			name = Products;
			sourceTree = "<group>";
		};
		C2737A8C1B53978D0079B9DC /* 111111 */ = {
			isa = PBXGroup;
			children = (
				C2737A911B53978D0079B9DC /* AppDelegate.h */,
				C2737A921B53978D0079B9DC /* AppDelegate.m */,
				C2737A941B53978D0079B9DC /* 111111-Prefix.pch */,
				C2737A961B53978D0079B9DC /* Images.xcassets */,
				C2737A981B53978D0079B9DC /* LaunchScreen.xib */,
				C2737A8D1B53978D0079B9DC /* Supporting Files */,
			);
			path = 111111;
			sourceTree = "<group>";
		};
		C2737A8D1B53978D0079B9DC /* Supporting Files */ = {
			isa = PBXGroup;
			children = (
				C2737A8E1B53978D0079B9DC /* Info.plist */,
				C2737A8F1B53978D0079B9DC /* main.m */,
			);
			name = "Supporting Files";
			sourceTree = "<group>";
		};
		C2737AA21B53978D0079B9DC /* 111111Tests */ = {
			isa = PBXGroup;
			children = (
				C2737AA51B53978D0079B9DC /* _11111Tests.m */,
				C2737AA31B53978D0079B9DC /* Supporting Files */,
			);
			path = 111111Tests;
			sourceTree = "<group>";
		};
		C2737AA31B53978D0079B9DC /* Supporting Files */ = {
			isa = PBXGroup;
			children = (
				C2737AA41B53978D0079B9DC /* Info.plist */,
			);
			name = "Supporting Files";
			sourceTree = "<group>";
		};
/* End PBXGroup section */

/* Begin PBXNativeTarget section */
		C2737A891B53978D0079B9DC /* 111111 */ = {
			isa = PBXNativeTarget;
			buildConfigurationList = C2737AA91B53978D0079B9DC /* Build configuration list for PBXNativeTarget "111111" */;
			buildPhases = (
				C2737A861B53978D0079B9DC /* Sources */,
				C2737A871B53978D0079B9DC /* Frameworks */,
				C2737A881B53978D0079B9DC /* Resources */,
			);
			buildRules = (
			);
			dependencies = (
			);
			name = 111111;
			productName = 111111;
			productReference = C2737A8A1B53978D0079B9DC /* 111111.app */;
			productType = "com.apple.product-type.application";
		};
		C2737A9E1B53978D0079B9DC /* 111111Tests */ = {
			isa = PBXNativeTarget;
			buildConfigurationList = C2737AAC1B53978D0079B9DC /* Build configuration list for PBXNativeTarget "111111Tests" */;
			buildPhases = (
				C2737A9B1B53978D0079B9DC /* Sources */,
				C2737A9C1B53978D0079B9DC /* Frameworks */,
				C2737A9D1B53978D0079B9DC /* Resources */,
			);
			buildRules = (
			);
			dependencies = (
				C2737AA11B53978D0079B9DC /* PBXTargetDependency */,
			);
			name = 111111Tests;
			productName = 111111Tests;
			productReference = C2737A9F1B53978D0079B9DC /* 111111Tests.xctest */;
			productType = "com.apple.product-type.bundle.unit-test";
		};
/* End PBXNativeTarget section */

/* Begin PBXProject section */
		C2737A821B53978D0079B9DC /* Project object */ = {
			isa = PBXProject;
			attributes = {
				LastUpgradeCheck = 0620;
				ORGANIZATIONNAME = lanou3g;
				TargetAttributes = {
					C2737A891B53978D0079B9DC = {
						CreatedOnToolsVersion = 6.2;
					};
					C2737A9E1B53978D0079B9DC = {
						CreatedOnToolsVersion = 6.2;
						TestTargetID = C2737A891B53978D0079B9DC;
					};
				};
			};
			buildConfigurationList = C2737A851B53978D0079B9DC /* Build configuration list for PBXProject "111111" */;
			compatibilityVersion = "Xcode 3.2";
			developmentRegion = English;
			hasScannedForEncodings = 0;
			knownRegions = (
				en,
				Base,
			);
			mainGroup = C2737A811B53978D0079B9DC;
			productRefGroup = C2737A8B1B53978D0079B9DC /* Products */;
			projectDirPath = "";
			projectRoot = "";
			targets = (
				C2737A891B53978D0079B9DC /* 111111 */,
				C2737A9E1B53978D0079B9DC /* 111111Tests */,
			);
		};
/* End PBXProject section */

/* Begin PBXResourcesBuildPhase section */
		C2737A881B53978D0079B9DC /* Resources */ = {
			isa = PBXResourcesBuildPhase;
			buildActionMask = 2147483647;
			files = (
				C2737A951B53978D0079B9DC /* 111111-Prefix.pch in Resources */,
				C2737A9A1B53978D0079B9DC /* LaunchScreen.xib in Resources */,
				C2737A971B53978D0079B9DC /* Images.xcassets in Resources */,
			);
			runOnlyForDeploymentPostprocessing = 0;
		};
		C2737A9D1B53978D0079B9DC /* Resources */ = {
			isa = PBXResourcesBuildPhase;
			buildActionMask = 2147483647;
			files = (
			);
			runOnlyForDeploymentPostprocessing = 0;
		};
/* End PBXResourcesBuildPhase section */

/* Begin PBXSourcesBuildPhase section */
		C2737A861B53978D0079B9DC /* Sources */ = {
			isa = PBXSourcesBuildPhase;
			buildActionMask = 2147483647;
			files = (
				C2737A931B53978D0079B9DC /* AppDelegate.m in Sources */,
				C2737A901B53978D0079B9DC /* main.m in Sources */,
			);
			runOnlyForDeploymentPostprocessing = 0;
		};
		C2737A9B1B53978D0079B9DC /* Sources */ = {
			isa = PBXSourcesBuildPhase;
			buildActionMask = 2147483647;
			files = (
				C2737AA61B53978D0079B9DC /* _11111Tests.m in Sources */,
			);
			runOnlyForDeploymentPostprocessing = 0;
		};
/* End PBXSourcesBuildPhase section */

/* Begin PBXTargetDependency section */
		C2737AA11B53978D0079B9DC /* PBXTargetDependency */ = {
			isa = PBXTargetDependency;
			target = C2737A891B53978D0079B9DC /* 111111 */;
			targetProxy = C2737AA01B53978D0079B9DC /* PBXContainerItemProxy */;
		};
/* End PBXTargetDependency section */

/* Begin PBXVariantGroup section */
		C2737A981B53978D0079B9DC /* LaunchScreen.xib */ = {
			isa = PBXVariantGroup;
			children = (
				C2737A991B53978D0079B9DC /* Base */,
			);
			name = LaunchScreen.xib;
			sourceTree = "<group>";
		};
/* End PBXVariantGroup section */

/* Begin XCBuildConfiguration section */
		C2737AA71B53978D0079B9DC /* Debug */ = {
			isa = XCBuildConfiguration;
			buildSettings = {
				ALWAYS_SEARCH_USER_PATHS = NO;
				CLANG_CXX_LANGUAGE_STANDARD = "gnu++0x";
				CLANG_CXX_LIBRARY = "libc++";
				CLANG_ENABLE_MODULES = YES;
				CLANG_ENABLE_OBJC_ARC = YES;
				CLANG_WARN_BOOL_CONVERSION = YES;
				CLANG_WARN_CONSTANT_CONVERSION = YES;
				CLANG_WARN_DIRECT_OBJC_ISA_USAGE = YES_ERROR;
				CLANG_WARN_EMPTY_BODY = YES;
				CLANG_WARN_ENUM_CONVERSION = YES;
				CLANG_WARN_INT_CONVERSION = YES;
				CLANG_WARN_OBJC_ROOT_CLASS = YES_ERROR;
				CLANG_WARN_UNREACHABLE_CODE = YES;
				CLANG_WARN__DUPLICATE_METHOD_MATCH = YES;
				"CODE_SIGN_IDENTITY[sdk=iphoneos*]" = "iPhone Developer";
				COPY_PHASE_STRIP = NO;
				ENABLE_STRICT_OBJC_MSGSEND = YES;
				GCC_C_LANGUAGE_STANDARD = gnu99;
				GCC_DYNAMIC_NO_PIC = NO;
				GCC_OPTIMIZATION_LEVEL = 0;
				GCC_PREPROCESSOR_DEFINITIONS = (
					"DEBUG=1",
					"$(inherited)",
				);
				GCC_SYMBOLS_PRIVATE_EXTERN = NO;
				GCC_WARN_64_TO_32_BIT_CONVERSION = YES;
				GCC_WARN_ABOUT_RETURN_TYPE = YES_ERROR;
				GCC_WARN_UNDECLARED_SELECTOR = YES;
				GCC_WARN_UNINITIALIZED_AUTOS = YES_AGGRESSIVE;
				GCC_WARN_UNUSED_FUNCTION = YES;
				GCC_WARN_UNUSED_VARIABLE = YES;
				IPHONEOS_DEPLOYMENT_TARGET = 8.2;
				MTL_ENABLE_DEBUG_INFO = YES;
				ONLY_ACTIVE_ARCH = YES;
				SDKROOT = iphoneos;
			};
			name = Debug;
		};
		C2737AA81B53978D0079B9DC /* Release */ = {
			isa = XCBuildConfiguration;
			buildSettings = {
				ALWAYS_SEARCH_USER_PATHS = NO;
				CLANG_CXX_LANGUAGE_STANDARD = "gnu++0x";
				CLANG_CXX_LIBRARY = "libc++";
				CLANG_ENABLE_MODULES = YES;
				CLANG_ENABLE_OBJC_ARC = YES;
				CLANG_WARN_BOOL_CONVERSION = YES;
				CLANG_WARN_CONSTANT_CONVERSION = YES;
				CLANG_WARN_DIRECT_OBJC_ISA_USAGE = YES_ERROR;
				CLANG_WARN_EMPTY_BODY = YES;
				CLANG_WARN_ENUM_CONVERSION = YES;
				CLANG_WARN_INT_CONVERSION = YES;
				CLANG_WARN_OBJC_ROOT_CLASS = YES_ERROR;
				CLANG_WARN_UNREACHABLE_CODE = YES;
				CLANG_WARN__DUPLICATE_METHOD_MATCH = YES;
				"CODE_SIGN_IDENTITY[sdk=iphoneos*]" = "iPhone Developer";
				COPY_PHASE_STRIP = NO;
				ENABLE_NS_ASSERTIONS = NO;
				ENABLE_STRICT_OBJC_MSGSEND = YES;
				GCC_C_LANGUAGE_STANDARD = gnu99;
				GCC_WARN_64_TO_32_BIT_CONVERSION = YES;
				GCC_WARN_ABOUT_RETURN_TYPE = YES_ERROR;
				GCC_WARN_UNDECLARED_SELECTOR = YES;
				GCC_WARN_UNINITIALIZED_AUTOS = YES_AGGRESSIVE;
				GCC_WARN_UNUSED_FUNCTION = YES;
				GCC_WARN_UNUSED_VARIABLE = YES;
				IPHONEOS_DEPLOYMENT_TARGET = 8.2;
				MTL_ENABLE_DEBUG_INFO = NO;
				SDKROOT = iphoneos;
				VALIDATE_PRODUCT = YES;
			};
			name = Release;
		};
		C2737AAA1B53978D0079B9DC /* Debug */ = {
			isa = XCBuildConfiguration;
			buildSettings = {
				ASSETCATALOG_COMPILER_APPICON_NAME = AppIcon;
				INFOPLIST_FILE = 111111/Info.plist;
				LD_RUNPATH_SEARCH_PATHS = "$(inherited) @executable_path/Frameworks";
				PRODUCT_NAME = "$(TARGET_NAME)";
			};
			name = Debug;
		};
		C2737AAB1B53978D0079B9DC /* Release */ = {
			isa = XCBuildConfiguration;
			buildSettings = {
				ASSETCATALOG_COMPILER_APPICON_NAME = AppIcon;
				INFOPLIST_FILE = 111111/Info.plist;
				LD_RUNPATH_SEARCH_PATHS = "$(inherited) @executable_path/Frameworks";
				PRODUCT_NAME = "$(TARGET_NAME)";
			};
			name = Release;
		};
		C2737AAD1B53978D0079B9DC /* Debug */ = {
			isa = XCBuildConfiguration;
			buildSettings = {
				BUNDLE_LOADER = "$(TEST_HOST)";
				FRAMEWORK_SEARCH_PATHS = (
					"$(SDKROOT)/Developer/Library/Frameworks",
					"$(inherited)",
				);
				GCC_PREPROCESSOR_DEFINITIONS = (
					"DEBUG=1",
					"$(inherited)",
				);
				INFOPLIST_FILE = 111111Tests/Info.plist;
				LD_RUNPATH_SEARCH_PATHS = "$(inherited) @executable_path/Frameworks @loader_path/Frameworks";
				PRODUCT_NAME = "$(TARGET_NAME)";
				TEST_HOST = "$(BUILT_PRODUCTS_DIR)/111111.app/111111";
			};
			name = Debug;
		};
		C2737AAE1B53978D0079B9DC /* Release */ = {
			isa = XCBuildConfiguration;
			buildSettings = {
				BUNDLE_LOADER = "$(TEST_HOST)";
				FRAMEWORK_SEARCH_PATHS = (
					"$(SDKROOT)/Developer/Library/Frameworks",
					"$(inherited)",
				);
				INFOPLIST_FILE = 111111Tests/Info.plist;
				LD_RUNPATH_SEARCH_PATHS = "$(inherited) @executable_path/Frameworks @loader_path/Frameworks";
				PRODUCT_NAME = "$(TARGET_NAME)";
				TEST_HOST = "$(BUILT_PRODUCTS_DIR)/111111.app/111111";
			};
			name = Release;
		};
/* End XCBuildConfiguration section */

/* Begin XCConfigurationList section */
		C2737A851B53978D0079B9DC /* Build configuration list for PBXProject "111111" */ = {
			isa = XCConfigurationList;
			buildConfigurations = (
				C2737AA71B53978D0079B9DC /* Debug */,
				C2737AA81B53978D0079B9DC /* Release */,
			);
			defaultConfigurationIsVisible = 0;
			defaultConfigurationName = Release;
		};
		C2737AA91B53978D0079B9DC /* Build configuration list for PBXNativeTarget "111111" */ = {
			isa = XCConfigurationList;
			buildConfigurations = (
				C2737AAA1B53978D0079B9DC /* Debug */,
				C2737AAB1B53978D0079B9DC /* Release */,
			);
			defaultConfigurationIsVisible = 0;
		};
		C2737AAC1B53978D0079B9DC /* Build configuration list for PBXNativeTarget "111111Tests" */ = {
			isa = XCConfigurationList;
			buildConfigurations = (
				C2737AAD1B53978D0079B9DC /* Debug */,
				C2737AAE1B53978D0079B9DC /* Release */,
			);
			defaultConfigurationIsVisible = 0;
		};
/* End XCConfigurationList section */
	};
	rootObject = C2737A821B53978D0079B9DC /* Project object */;
}
